{"1.2.0",
[{<<"accept">>,{pkg,<<"accept">>,<<"0.3.7">>},1},
 {<<"b64fast">>,
  {git,"https://github.com/ArweaveTeam/b64fast.git",
       {ref,"58f0502e49bf73b29d95c6d02460d1fb8d2a5273"}},
  0},
 {<<"base16">>,{pkg,<<"base16">>,<<"2.0.1">>},1},
 {<<"cowboy">>,{pkg,<<"cowboy">>,<<"2.14.0">>},0},
 {<<"cowlib">>,{pkg,<<"cowlib">>,<<"2.16.0">>},0},
 {<<"ddskerl">>,{pkg,<<"ddskerl">>,<<"0.4.2">>},1},
 {<<"eini">>,{pkg,<<"eini">>,<<"1.2.9">>},1},
 {<<"elmdb">>,
  {git,"https://github.com/twilson63/elmdb-rs.git",
       {ref,"90c8857cd4ccff341fbe415b96bc5703d17ff7f0"}},
  0},
 {<<"erlcloud">>,{pkg,<<"erlcloud">>,<<"3.8.3">>},0},
 {<<"graphql">>,{pkg,<<"graphql_erl">>,<<"0.17.1">>},0},
 {<<"gun">>,{pkg,<<"gun">>,<<"2.2.0">>},0},
 {<<"jsx">>,{pkg,<<"jsx">>,<<"2.11.0">>},1},
 {<<"lhttpc">>,{pkg,<<"lhttpc">>,<<"1.7.1">>},1},
 {<<"luerl">>,{pkg,<<"luerl">>,<<"1.3.0">>},0},
 {<<"prometheus">>,{pkg,<<"prometheus">>,<<"6.0.3">>},0},
 {<<"prometheus_cowboy">>,{pkg,<<"prometheus_cowboy">>,<<"0.2.0">>},0},
 {<<"prometheus_httpd">>,{pkg,<<"prometheus_httpd">>,<<"2.1.15">>},0},
 {<<"ranch">>,{pkg,<<"ranch">>,<<"2.2.0">>},0}]}.
[
{pkg_hash,[
 {<<"accept">>, <<"CD6E34A2D7E28CA38B2D3CB233734CA0C221EFBC1F171F91FEC5F162CC2D18DA">>},
 {<<"base16">>, <<"F0549F732E03BE8124ED0D19FD5EE52146CC8BE24C48CBC3F23AB44B157F11A2">>},
 {<<"cowboy">>, <<"565DCF221BA99B1255B0ADCEC24D2D8DBE79E46EC79F30F8373CCEADC6A41E2A">>},
 {<<"cowlib">>, <<"54592074EBBBB92EE4746C8A8846E5605052F29309D3A873468D76CDF932076F">>},
 {<<"ddskerl">>, <<"A51A90BE9AC9B36A94017670BED479C623B10CA9D4BDA1EDF3A0E48CAEEADA2A">>},
 {<<"eini">>, <<"FCC3CBD49BBDD9A1D9735C7365DAFFCD84481CCE81E6CB80537883AA44AC4895">>},
 {<<"erlcloud">>, <<"66DE6C7D37C6E688C7AE198D56B9CBE07B2CB80054B88A798437C533C3C7F418">>},
 {<<"graphql">>, <<"EB59FCBB39F667DC1C78C950426278015C3423F7A6ED2A121D3DB8B1D2C5F8B4">>},
 {<<"gun">>, <<"B8F6B7D417E277D4C2B0DC3C07DFDF892447B087F1CC1CAFF9C0F556B884E33D">>},
 {<<"jsx">>, <<"08154624050333919B4AC1B789667D5F4DB166DC50E190C4D778D1587F102EE0">>},
 {<<"lhttpc">>, <<"8522AF9877765C33318A3AE486BE69BC165E835D05C3334A8166FD7B318D446B">>},
 {<<"luerl">>, <<"B56423DDB721432AB980B818FEECB84ADBAB115E2E11522CF94BCD0729CAA501">>},
 {<<"prometheus">>, <<"95302236124C0F919163A7762BF7D2B171B919B6FF6148D26EB38A5D2DEF7B81">>},
 {<<"prometheus_cowboy">>, <<"526F75D9850A9125496F78BCEECCA0F237BC7B403C976D44508543AE5967DAD9">>},
 {<<"prometheus_httpd">>, <<"8F767D819A5D36275EAB9264AFF40D87279151646776069BF69FBDBBD562BD75">>},
 {<<"ranch">>, <<"25528F82BC8D7C6152C57666CA99EC716510FE0925CB188172F41CE93117B1B0">>}]},
{pkg_hash_ext,[
 {<<"accept">>, <<"CA69388943F5DAD2E7232A5478F16086E3C872F48E32B88B378E1885A59F5649">>},
 {<<"base16">>, <<"06EA2D48343282E712160BA89F692B471DB8B36ABE8394F3445FF9032251D772">>},
 {<<"cowboy">>, <<"EA99769574550FE8A83225C752E8A62780A586770EF408816B82B6FE6D46476B">>},
 {<<"cowlib">>, <<"7F478D80D66B747344F0EA7708C187645CFCC08B11AA424632F78E25BF05DB51">>},
 {<<"ddskerl">>, <<"63F907373D7E548151D584D4DA8A38928FD26EC9477B94C0FFAAD87D7CB69FE7">>},
 {<<"eini">>, <<"DA64AE8DB7C2F502E6F20CDF44CD3D9BE364412B87FF49FEBF282540F673DFCB">>},
 {<<"erlcloud">>, <<"6ED59CBD8816045765E3E76F22D08118766DF1BB1D24F5D90794C8505BCD6D44">>},
 {<<"graphql">>, <<"4D0F08EC57EF0983E2596763900872B1AB7E94F8EE3817B9F67EEC911FF7C386">>},
 {<<"gun">>, <<"76022700C64287FEB4DF93A1795CFF6741B83FB37415C40C34C38D2A4645261A">>},
 {<<"jsx">>, <<"EED26A0D04D217F9EECEFFFB89714452556CF90EB38F290A27A4D45B9988F8C0">>},
 {<<"lhttpc">>, <<"154EEB27692482B52BE86406DCD1D18A2405CAFCE0E8DAA4A1A7BFA7FE295896">>},
 {<<"luerl">>, <<"6B3138AA829F0FBC4CD0F083F273B4030A2B6CE99155194A6DB8C67B2C3480A4">>},
 {<<"prometheus">>, <<"53554ECADAC0354066801D514D1A244DD026175E4EE3A9A30192B71D530C8268">>},
 {<<"prometheus_cowboy">>, <<"2C7EB12F4B970D91E3B47BAAD0F138F6ADC34E53EEB0AE18068FF0AFAB441B24">>},
 {<<"prometheus_httpd">>, <<"67736D000745184D5013C58A63E947821AB90CB9320BC2E6AE5D3061C6FFE039">>},
 {<<"ranch">>, <<"FA0B99A1780C80218A4197A59EA8D3BDAE32FBFF7E88527D7D8A4787EFF4F8E7">>}]}
].
