[{<<"accept">>,
  {git,"https://github.com/prometheus-erl/accept.git",
       {ref,"36049775632e83f22bbef4d994a65a868c705cc6"}},
  0},
 {<<"b64fast">>,
  {git,"https://github.com/ArweaveTeam/b64fast.git",
       {ref,"58f0502e49bf73b29d95c6d02460d1fb8d2a5273"}},
  0},
 {<<"cargo">>,
  {git,"https://github.com/rusterlium/erlang-cargo.git",
       {ref,"30368ec7b08683ad66fb1f684e173b552efe1d8b"}},
  0},
 {<<"cowboy">>,
  {git,"https://github.com/ninenines/cowboy.git",
       {ref,"e713a630f384f861fa396048f9c881ca183aeda9"}},
  0},
 {<<"cowlib">>,
  {git,"https://github.com/ninenines/cowlib.git",
       {ref,"aca0ad953417b29bab2c41eeb4c37c98606c848b"}},
  0},
 {<<"ddskerl">>,
  {git,"https://github.com/NelsonVides/ddskerl.git",
       {ref,"2021fd72f4a9f152cf581b68fc1fe4b2e24f2640"}},
  0},
 {<<"edown">>,
  {git,"https://github.com/uwiger/edown.git",
       {ref,"d9be492ed535a8740ac8be73ab1ca2407970653e"}},
  0},
 {<<"elmdb">>,
  {git,"https://github.com/permaweb/elmdb-rs.git",
       {ref,"bfda2facebdb433eea753f82e7e8d45aefc6d87a"}},
  0},
 {<<"graphql">>,
  {git,"https://github.com/esl/graphql-erlang.git",
       {ref,"6dac940d3d0d6433b15707c9ebafdaa646980aed"}},
  0},
 {<<"gun">>,
  {git,"https://github.com/ninenines/gun.git",
       {ref,"627b8f9ed65da255afaddd166b1b9d102e0fa512"}},
  0},
 {<<"jsx">>,
  {git,"https://github.com/talentdeficit/jsx.git",
       {ref,"e8d2e01b608e0670a4f82e35ccb5ef3f86115423"}},
  0},
 {<<"luerl">>,
  {git,"https://github.com/rvirding/luerl.git",
       {ref,"ef8f95565f07d62d0acd8761610a21d159a416df"}},
  0},
 {<<"prometheus">>,
  {git,"https://github.com/prometheus-erl/prometheus.erl.git",
       {ref,"a4f14320781787f838b2ddf8f886cd02c279bee7"}},
  0},
 {<<"prometheus_cowboy">>,
  {git,"https://github.com/prometheus-erl/prometheus-cowboy.git",
       {ref,"bbea77407cc3fc2197b4400b8465eb802a2c75c0"}},
  0},
 {<<"prometheus_httpd">>,
  {git,"https://github.com/prometheus-erl/prometheus-httpd.git",
       {ref,"1deb9e0901833ebd01d5949d3bbdf37eb0a8ccea"}},
  0},
 {<<"ranch">>,
  {git,"https://github.com/ninenines/ranch.git",
       {ref,"9c8520ab8e9c6f3890ac3251d04fbe0b9514940f"}},
  0},
 {<<"rebar3_cargo">>,
  {git,"https://github.com/rusterlium/rebar3_cargo.git",
       {ref,"bcddc293ab0584da4ef4b05e0414370acc8fcaba"}},
  0}].
